
Microsoft Visual Studio Solution File, Format Version 12.00
# Visual Studio 15
VisualStudioVersion = 15.0.28307.1401
MinimumVisualStudioVersion = 10.0.40219.1
Project("{FAE04EC0-301F-11D3-BF4B-00C04F79EFBC}") = "PaymentRuleEngine", "PaymentRuleEngine\PaymentRuleEngine.csproj", "{73B2D8A2-9919-4B04-913A-B415DC4340E1}"
EndProject
Project("{FAE04EC0-301F-11D3-BF4B-00C04F79EFBC}") = "TestPaymentRuleEngine", "TestPaymentRuleEngine\TestPaymentRuleEngine.csproj", "{3E9908D1-EA15-444A-B825-07BD6FE46D6A}"
EndProject
Global
	GlobalSection(SolutionConfigurationPlatforms) = preSolution
		Debug|Any CPU = Debug|Any CPU
		Release|Any CPU = Release|Any CPU
	EndGlobalSection
	GlobalSection(ProjectConfigurationPlatforms) = postSolution
		{73B2D8A2-9919-4B04-913A-B415DC4340E1}.Debug|Any CPU.ActiveCfg = Debug|Any CPU
		{73B2D8A2-9919-4B04-913A-B415DC4340E1}.Debug|Any CPU.Build.0 = Debug|Any CPU
		{73B2D8A2-9919-4B04-913A-B415DC4340E1}.Release|Any CPU.ActiveCfg = Release|Any CPU
		{73B2D8A2-9919-4B04-913A-B415DC4340E1}.Release|Any CPU.Build.0 = Release|Any CPU
		{3E9908D1-EA15-444A-B825-07BD6FE46D6A}.Debug|Any CPU.ActiveCfg = Debug|Any CPU
		{3E9908D1-EA15-444A-B825-07BD6FE46D6A}.Debug|Any CPU.Build.0 = Debug|Any CPU
		{3E9908D1-EA15-444A-B825-07BD6FE46D6A}.Release|Any CPU.ActiveCfg = Release|Any CPU
		{3E9908D1-EA15-444A-B825-07BD6FE46D6A}.Release|Any CPU.Build.0 = Release|Any CPU
	EndGlobalSection
	GlobalSection(SolutionProperties) = preSolution
		HideSolutionNode = FALSE
	EndGlobalSection
	GlobalSection(ExtensibilityGlobals) = postSolution
		SolutionGuid = {795749EE-6EB0-4273-82B5-415D020A96C9}
	EndGlobalSection
EndGlobal
